# THIS IS AN AUTOGENERATED FILE. DO NOT EDIT THIS FILE DIRECTLY.
# yarn lockfile v1


"eta@^1.12.3":
  "integrity" "sha512-qHixwbDLtekO/d51Yr4glcaUJCIjGVJyTzuqV4GPlgZo1YpgOKG+avQynErZIYrfM6JIJdtiG2Kox8tbb+DoGg=="
  "resolved" "https://registry.npmjs.org/eta/-/eta-1.12.3.tgz"
  "version" "1.12.3"

"mime@^3.0.0":
  "integrity" "sha512-jSCU7/VB1loIWBZe14aEYHU/+1UMEHoaO7qxCOVJOw9GgH72VAWppxNcjU+x9a2k3GSIBXNKxXQFqRvvZ7vr3A=="
  "resolved" "https://registry.npmjs.org/mime/-/mime-3.0.0.tgz"
  "version" "3.0.0"

"path-to-regexp@^6.2.1":
  "integrity" "sha512-JLyh7xT1kizaEvcaXOQwOc2/Yhw6KZOvPf1S8401UyLk86CU79LN3vl7ztXGm/pZ+YjoyAJ4rxmHwbkBXJX+yw=="
  "resolved" "https://registry.npmjs.org/path-to-regexp/-/path-to-regexp-6.2.1.tgz"
  "version" "6.2.1"

"uWebSockets.js@uNetworking/uWebSockets.js#v20.3.0":
  "resolved" "git+ssh://git@github.com/uNetworking/uWebSockets.js.git#e5d6241a7bbfb0d9258780dbf6175ae34d6f18e9"
  "version" "20.3.0"
